
Microsoft Visual Studio Solution File, Format Version 12.00
# Visual Studio Version 17
VisualStudioVersion = 17.2.32526.322
MinimumVisualStudioVersion = 10.0.40219.1
Project("{FAE04EC0-301F-11D3-BF4B-00C04F79EFBC}") = "GestionDeVols", "GestionDeVols\GestionDeVols.csproj", "{BB58A8C5-5300-4B9A-A2ED-09B7C1618FEA}"
EndProject
Global
	GlobalSection(SolutionConfigurationPlatforms) = preSolution
		Debug|Any CPU = Debug|Any CPU
		Release|Any CPU = Release|Any CPU
	EndGlobalSection
	GlobalSection(ProjectConfigurationPlatforms) = postSolution
		{BB58A8C5-5300-4B9A-A2ED-09B7C1618FEA}.Debug|Any CPU.ActiveCfg = Debug|Any CPU
		{BB58A8C5-5300-4B9A-A2ED-09B7C1618FEA}.Debug|Any CPU.Build.0 = Debug|Any CPU
		{BB58A8C5-5300-4B9A-A2ED-09B7C1618FEA}.Release|Any CPU.ActiveCfg = Release|Any CPU
		{BB58A8C5-5300-4B9A-A2ED-09B7C1618FEA}.Release|Any CPU.Build.0 = Release|Any CPU
	EndGlobalSection
	GlobalSection(SolutionProperties) = preSolution
		HideSolutionNode = FALSE
	EndGlobalSection
	GlobalSection(ExtensibilityGlobals) = postSolution
		SolutionGuid = {68F1DAB7-5D9D-478E-B16E-6C25BD69D1F6}
	EndGlobalSection
EndGlobal
